
Microsoft Visual Studio Solution File, Format Version 12.00
# Visual Studio 15
VisualStudioVersion = 15.0.27428.2002
MinimumVisualStudioVersion = 10.0.40219.1
Project("{FAE04EC0-301F-11D3-BF4B-00C04F79EFBC}") = "DNSNetCheckImager", "DNSNetCheckImager\DNSNetCheckImager.csproj", "{4B3C1E0E-307F-4A6C-9DA5-ACEFE6AEC9B9}"
EndProject
Global
	GlobalSection(SolutionConfigurationPlatforms) = preSolution
		Debug|Any CPU = Debug|Any CPU
		Release|Any CPU = Release|Any CPU
	EndGlobalSection
	GlobalSection(ProjectConfigurationPlatforms) = postSolution
		{4B3C1E0E-307F-4A6C-9DA5-ACEFE6AEC9B9}.Debug|Any CPU.ActiveCfg = Debug|Any CPU
		{4B3C1E0E-307F-4A6C-9DA5-ACEFE6AEC9B9}.Debug|Any CPU.Build.0 = Debug|Any CPU
		{4B3C1E0E-307F-4A6C-9DA5-ACEFE6AEC9B9}.Release|Any CPU.ActiveCfg = Release|Any CPU
		{4B3C1E0E-307F-4A6C-9DA5-ACEFE6AEC9B9}.Release|Any CPU.Build.0 = Release|Any CPU
	EndGlobalSection
	GlobalSection(SolutionProperties) = preSolution
		HideSolutionNode = FALSE
	EndGlobalSection
	GlobalSection(ExtensibilityGlobals) = postSolution
		SolutionGuid = {6A1ECAC7-851D-4526-80AE-477EC10E8BC8}
	EndGlobalSection
EndGlobal
